
Microsoft Visual Studio Solution File, Format Version 12.00
# Visual Studio 15
VisualStudioVersion = 15.0.27130.2020
MinimumVisualStudioVersion = 10.0.40219.1
Project("{8BC9CEB8-8B4A-11D0-8D11-00A0C91BC942}") = "DeliciousEngine", "DeliciousEngine\DeliciousEngine.vcxproj", "{4967B559-3C54-4DE7-A41B-7D802E11E33C}"
EndProject
Project("{8BC9CEB8-8B4A-11D0-8D11-00A0C91BC942}") = "TestGame", "TestGame\TestGame.vcxproj", "{DA6A4015-7359-4532-B463-26600DA94B80}"
EndProject
Global
	GlobalSection(SolutionConfigurationPlatforms) = preSolution
		Debug|x64 = Debug|x64
		Release|x64 = Release|x64
	EndGlobalSection
	GlobalSection(ProjectConfigurationPlatforms) = postSolution
		{4967B559-3C54-4DE7-A41B-7D802E11E33C}.Debug|x64.ActiveCfg = Debug|x64
		{4967B559-3C54-4DE7-A41B-7D802E11E33C}.Debug|x64.Build.0 = Debug|x64
		{4967B559-3C54-4DE7-A41B-7D802E11E33C}.Release|x64.ActiveCfg = Release|x64
		{4967B559-3C54-4DE7-A41B-7D802E11E33C}.Release|x64.Build.0 = Release|x64
		{DA6A4015-7359-4532-B463-26600DA94B80}.Debug|x64.ActiveCfg = Debug|x64
		{DA6A4015-7359-4532-B463-26600DA94B80}.Debug|x64.Build.0 = Debug|x64
		{DA6A4015-7359-4532-B463-26600DA94B80}.Release|x64.ActiveCfg = Release|x64
		{DA6A4015-7359-4532-B463-26600DA94B80}.Release|x64.Build.0 = Release|x64
	EndGlobalSection
	GlobalSection(SolutionProperties) = preSolution
		HideSolutionNode = FALSE
	EndGlobalSection
	GlobalSection(ExtensibilityGlobals) = postSolution
		SolutionGuid = {D5940EB5-6650-442D-A12C-86EAC72CD562}
	EndGlobalSection
EndGlobal
