<?xml version="1.0" encoding="utf-8"?>
<Project ToolsVersion="4.0" xmlns="http://schemas.microsoft.com/developer/msbuild/2003">
  <ItemGroup>
    <Filter Include="Source Files">
      <UniqueIdentifier>{4FC737F1-C7A5-4376-A066-2A32D752A2FF}</UniqueIdentifier>
      <Extensions>cpp;c;cc;cxx;def;odl;idl;hpj;bat;asm;asmx</Extensions>
    </Filter>
    <Filter Include="Header Files">
      <UniqueIdentifier>{93995380-89BD-4b04-88EB-625FBE52EBFB}</UniqueIdentifier>
      <Extensions>h;hh;hpp;hxx;hm;inl;inc;xsd</Extensions>
    </Filter>
    <Filter Include="Resource Files">
      <UniqueIdentifier>{67DA6AB6-F800-4c08-8B7A-83BB121AAD01}</UniqueIdentifier>
      <Extensions>rc;ico;cur;bmp;dlg;rc2;rct;bin;rgs;gif;jpg;jpeg;jpe;resx;tiff;tif;png;wav;mfcribbon-ms</Extensions>
    </Filter>
    <Filter Include="Header Files\systems">
      <UniqueIdentifier>{d3a3fbbe-0139-448c-a928-64b84bf7b9b4}</UniqueIdentifier>
    </Filter>
    <Filter Include="Source Files\systems">
      <UniqueIdentifier>{0c715370-5b31-4ef7-892c-6375d0578306}</UniqueIdentifier>
    </Filter>
    <Filter Include="Header Files\system_types">
      <UniqueIdentifier>{e5d4ba57-a749-4ef7-b5d8-277895f67e51}</UniqueIdentifier>
    </Filter>
    <Filter Include="Header Files\utilities">
      <UniqueIdentifier>{2a5c4150-2e98-4cbf-abcc-46f14dcbedf0}</UniqueIdentifier>
    </Filter>
    <Filter Include="Source Files\utilities">
      <UniqueIdentifier>{44f97e9a-3a54-43a5-83b5-b3ba676033d7}</UniqueIdentifier>
    </Filter>
  </ItemGroup>
  <ItemGroup>
    <ClCompile Include="main.cpp">
      <Filter>Source Files</Filter>
    </ClCompile>
    <ClCompile Include="engine.cpp">
      <Filter>Source Files</Filter>
    </ClCompile>
    <ClCompile Include="console.cpp">
      <Filter>Source Files\systems</Filter>
    </ClCompile>
    <ClCompile Include="screen.cpp">
      <Filter>Source Files\systems</Filter>
    </ClCompile>
    <ClCompile Include="dcf.cpp">
      <Filter>Source Files\utilities</Filter>
    </ClCompile>
    <ClCompile Include="dmath.cpp">
      <Filter>Source Files\utilities</Filter>
    </ClCompile>
  </ItemGroup>
  <ItemGroup>
    <ClInclude Include="engine.h">
      <Filter>Header Files</Filter>
    </ClInclude>
    <ClInclude Include="console.h">
      <Filter>Header Files\systems</Filter>
    </ClInclude>
    <ClInclude Include="screen.h">
      <Filter>Header Files\systems</Filter>
    </ClInclude>
    <ClInclude Include="console_types.h">
      <Filter>Header Files\system_types</Filter>
    </ClInclude>
    <ClInclude Include="dtypes.h">
      <Filter>Header Files\utilities</Filter>
    </ClInclude>
    <ClInclude Include="dcf.h">
      <Filter>Header Files\utilities</Filter>
    </ClInclude>
    <ClInclude Include="dmath.h">
      <Filter>Header Files\utilities</Filter>
    </ClInclude>
  </ItemGroup>
</Project>