<?xml version="1.0" encoding="utf-8"?>
<Project ToolsVersion="4.0" xmlns="http://schemas.microsoft.com/developer/msbuild/2003">
  <ItemGroup>
    <Filter Include="Source">
      <UniqueIdentifier>{93995380-89BD-4b04-88EB-625FBE52EBFB}</UniqueIdentifier>
      <Extensions>h;hh;hpp;hxx;hm;inl;inc;xsd</Extensions>
    </Filter>
    <Filter Include="Source\systems">
      <UniqueIdentifier>{d3a3fbbe-0139-448c-a928-64b84bf7b9b4}</UniqueIdentifier>
    </Filter>
    <Filter Include="Source\objects">
      <UniqueIdentifier>{d3ca0e7d-5350-4dc0-97f2-7332fa6ab297}</UniqueIdentifier>
    </Filter>
    <Filter Include="Source\components">
      <UniqueIdentifier>{32ab64fd-b729-4284-adee-65b0183d1a65}</UniqueIdentifier>
    </Filter>
    <Filter Include="Source\toolbox">
      <UniqueIdentifier>{2a5c4150-2e98-4cbf-abcc-46f14dcbedf0}</UniqueIdentifier>
    </Filter>
    <Filter Include="Source\intermediate">
      <UniqueIdentifier>{689387bb-077f-4715-96c1-f1e45833eb74}</UniqueIdentifier>
    </Filter>
    <Filter Include="Source\defaults">
      <UniqueIdentifier>{e4f227d9-c824-4f52-8634-dec3dfb8fcde}</UniqueIdentifier>
    </Filter>
    <Filter Include="Source\types">
      <UniqueIdentifier>{e5d4ba57-a749-4ef7-b5d8-277895f67e51}</UniqueIdentifier>
    </Filter>
    <Filter Include="ThirdParty">
      <UniqueIdentifier>{a8a098b9-b465-46bd-8441-43fff77e8930}</UniqueIdentifier>
    </Filter>
    <Filter Include="ThirdParty\imgui">
      <UniqueIdentifier>{075b5312-5989-42b6-a54a-829f79dd10ae}</UniqueIdentifier>
    </Filter>
  </ItemGroup>
  <ItemGroup>
    <ClCompile Include="source\camera.cpp">
      <Filter>Source\components</Filter>
    </ClCompile>
    <ClCompile Include="source\mesh_renderer.cpp">
      <Filter>Source\components</Filter>
    </ClCompile>
    <ClCompile Include="source\transform.cpp">
      <Filter>Source\components</Filter>
    </ClCompile>
    <ClCompile Include="source\entity.cpp">
      <Filter>Source\objects</Filter>
    </ClCompile>
    <ClCompile Include="source\material.cpp">
      <Filter>Source\objects</Filter>
    </ClCompile>
    <ClCompile Include="source\console.cpp">
      <Filter>Source\systems</Filter>
    </ClCompile>
    <ClCompile Include="source\input.cpp">
      <Filter>Source\systems</Filter>
    </ClCompile>
    <ClCompile Include="source\resources.cpp">
      <Filter>Source\systems</Filter>
    </ClCompile>
    <ClCompile Include="source\screen.cpp">
      <Filter>Source\systems</Filter>
    </ClCompile>
    <ClCompile Include="source\scripting.cpp">
      <Filter>Source\systems</Filter>
    </ClCompile>
    <ClCompile Include="source\world.cpp">
      <Filter>Source\systems</Filter>
    </ClCompile>
    <ClCompile Include="source\dff.cpp">
      <Filter>Source\toolbox</Filter>
    </ClCompile>
    <ClCompile Include="source\dgl.cpp">
      <Filter>Source\toolbox</Filter>
    </ClCompile>
    <ClCompile Include="source\dmath.cpp">
      <Filter>Source\toolbox</Filter>
    </ClCompile>
    <ClCompile Include="thirdparty\imgui\imgui.cpp">
      <Filter>ThirdParty\imgui</Filter>
    </ClCompile>
    <ClCompile Include="thirdparty\imgui\imgui_draw.cpp">
      <Filter>ThirdParty\imgui</Filter>
    </ClCompile>
    <ClCompile Include="source\main.cpp">
      <Filter>Source</Filter>
    </ClCompile>
    <ClCompile Include="source\dstr.cpp">
      <Filter>Source\toolbox</Filter>
    </ClCompile>
  </ItemGroup>
  <ItemGroup>
    <ClInclude Include="source\camera.h">
      <Filter>Source\components</Filter>
    </ClInclude>
    <ClInclude Include="source\mesh_renderer.h">
      <Filter>Source\components</Filter>
    </ClInclude>
    <ClInclude Include="source\transform.h">
      <Filter>Source\components</Filter>
    </ClInclude>
    <ClInclude Include="source\mesh_data.h">
      <Filter>Source\intermediate</Filter>
    </ClInclude>
    <ClInclude Include="source\entity.h">
      <Filter>Source\objects</Filter>
    </ClInclude>
    <ClInclude Include="source\font.h">
      <Filter>Source\objects</Filter>
    </ClInclude>
    <ClInclude Include="source\material.h">
      <Filter>Source\objects</Filter>
    </ClInclude>
    <ClInclude Include="source\mesh.h">
      <Filter>Source\objects</Filter>
    </ClInclude>
    <ClInclude Include="source\shader.h">
      <Filter>Source\objects</Filter>
    </ClInclude>
    <ClInclude Include="source\texture.h">
      <Filter>Source\objects</Filter>
    </ClInclude>
    <ClInclude Include="source\cmds.h">
      <Filter>Source\defaults</Filter>
    </ClInclude>
    <ClInclude Include="source\asset_loader.h">
      <Filter>Source\types</Filter>
    </ClInclude>
    <ClInclude Include="source\console_types.h">
      <Filter>Source\types</Filter>
    </ClInclude>
    <ClInclude Include="source\input_types.h">
      <Filter>Source\types</Filter>
    </ClInclude>
    <ClInclude Include="source\screen_types.h">
      <Filter>Source\types</Filter>
    </ClInclude>
    <ClInclude Include="source\system_var.h">
      <Filter>Source\types</Filter>
    </ClInclude>
    <ClInclude Include="source\console.h">
      <Filter>Source\systems</Filter>
    </ClInclude>
    <ClInclude Include="source\input.h">
      <Filter>Source\systems</Filter>
    </ClInclude>
    <ClInclude Include="source\resources.h">
      <Filter>Source\systems</Filter>
    </ClInclude>
    <ClInclude Include="source\screen.h">
      <Filter>Source\systems</Filter>
    </ClInclude>
    <ClInclude Include="source\scripting.h">
      <Filter>Source\systems</Filter>
    </ClInclude>
    <ClInclude Include="source\world.h">
      <Filter>Source\systems</Filter>
    </ClInclude>
    <ClInclude Include="source\dcm.h">
      <Filter>Source\toolbox</Filter>
    </ClInclude>
    <ClInclude Include="source\dff.h">
      <Filter>Source\toolbox</Filter>
    </ClInclude>
    <ClInclude Include="source\dgl.h">
      <Filter>Source\toolbox</Filter>
    </ClInclude>
    <ClInclude Include="source\dmath.h">
      <Filter>Source\toolbox</Filter>
    </ClInclude>
    <ClInclude Include="source\dtypes.h">
      <Filter>Source\toolbox</Filter>
    </ClInclude>
    <ClInclude Include="source\build_info.h">
      <Filter>Source</Filter>
    </ClInclude>
    <ClInclude Include="thirdparty\imgui\imconfig.h">
      <Filter>ThirdParty\imgui</Filter>
    </ClInclude>
    <ClInclude Include="source\help_pages.h">
      <Filter>Source\defaults</Filter>
    </ClInclude>
    <ClInclude Include="source\dstr.h">
      <Filter>Source\toolbox</Filter>
    </ClInclude>
    <ClInclude Include="source\default_mesh.h">
      <Filter>Source\defaults</Filter>
    </ClInclude>
    <ClInclude Include="source\default_shader.h">
      <Filter>Source\defaults</Filter>
    </ClInclude>
  </ItemGroup>
  <ItemGroup>
    <Text Include="notes.txt">
      <Filter>Source</Filter>
    </Text>
  </ItemGroup>
</Project>